
Microsoft Visual Studio Solution File, Format Version 12.00
# Visual Studio 15
VisualStudioVersion = 15.0.27130.0
MinimumVisualStudioVersion = 10.0.40219.1
Project("{FAE04EC0-301F-11D3-BF4B-00C04F79EFBC}") = "Jill.Web", "Jill.Web\Jill.Web.csproj", "{860D09C3-2971-4305-9C3B-9F7015B9EC5A}"
EndProject
Global
	GlobalSection(SolutionConfigurationPlatforms) = preSolution
		Debug|Any CPU = Debug|Any CPU
		Release|Any CPU = Release|Any CPU
	EndGlobalSection
	GlobalSection(ProjectConfigurationPlatforms) = postSolution
		{860D09C3-2971-4305-9C3B-9F7015B9EC5A}.Debug|Any CPU.ActiveCfg = Debug|Any CPU
		{860D09C3-2971-4305-9C3B-9F7015B9EC5A}.Debug|Any CPU.Build.0 = Debug|Any CPU
		{860D09C3-2971-4305-9C3B-9F7015B9EC5A}.Release|Any CPU.ActiveCfg = Release|Any CPU
		{860D09C3-2971-4305-9C3B-9F7015B9EC5A}.Release|Any CPU.Build.0 = Release|Any CPU
	EndGlobalSection
	GlobalSection(SolutionProperties) = preSolution
		HideSolutionNode = FALSE
	EndGlobalSection
	GlobalSection(ExtensibilityGlobals) = postSolution
		SolutionGuid = {FD3EC638-FB78-41BC-98DF-A794B93E13FC}
	EndGlobalSection
EndGlobal
